- en: <!--yml
  id: totrans-0
  prefs: []
  type: TYPE_NORMAL
  zh: <!--yml
- en: 'category: 未分类'
  id: totrans-1
  prefs: []
  type: TYPE_NORMAL
  zh: 分类：未分类
- en: 'date: 2024-05-18 17:00:26'
  id: totrans-2
  prefs: []
  type: TYPE_NORMAL
  zh: 日期：2024-05-18 17:00:26
- en: -->
  id: totrans-3
  prefs: []
  type: TYPE_NORMAL
  zh: -->
- en: 'VIX and More: Appearance on The Option Block'
  id: totrans-4
  prefs:
  - PREF_H1
  type: TYPE_NORMAL
  zh: 波动率指数（VIX）与更多内容：在《期权块》节目中的亮相
- en: 来源：[http://vixandmore.blogspot.com/2010/10/appearance-on-option-block.html#0001-01-01](http://vixandmore.blogspot.com/2010/10/appearance-on-option-block.html#0001-01-01)
  id: totrans-5
  prefs:
  - PREF_BQ
  type: TYPE_NORMAL
  zh: 来源：[http://vixandmore.blogspot.com/2010/10/appearance-on-option-block.html#0001-01-01](http://vixandmore.blogspot.com/2010/10/appearance-on-option-block.html#0001-01-01)
- en: Yesterday I made a guest appearance on [The Option Block](http://www.theoptionsinsider.com/radio/?id=137),
    an [Options Insider Radio](http://www.theoptionsinsider.com/radio/) program hosted
    by Mark Longo of [The Options Insider](http://www.theoptionsinsider.com/). We
    talk a little bit about the history of the *VIX and More* blog, the VIX as a market
    timing indicator, the VIX as a hedging tool, [VIX options](http://vixandmore.blogspot.com/search/label/VIX%20options),
    [VIX futures](http://vixandmore.blogspot.com/search/label/VIX%20futures), [VXX](http://vixandmore.blogspot.com/search/label/VXX),
    [VXZ](http://vixandmore.blogspot.com/search/label/VXZ) and some related subjects.
  id: totrans-6
  prefs: []
  type: TYPE_NORMAL
  zh: 昨天我作为嘉宾出现在了[《期权块》](http://www.theoptionsinsider.com/radio/?id=137)节目中，这是由[《期权内部人士》](http://www.theoptionsinsider.com/)的马克·朗戈（Mark
    Longo）主持的[《期权内部人士广播》](http://www.theoptionsinsider.com/radio/)节目。我们稍微谈了一下《VIX和更多》博客的历史，VIX作为市场时机的指标，VIX作为对冲工具，[VIX期权](http://vixandmore.blogspot.com/search/label/VIX%20options)、[VIX期货](http://vixandmore.blogspot.com/search/label/VIX%20futures)、[VXX](http://vixandmore.blogspot.com/search/label/VXX)、[VXZ](http://vixandmore.blogspot.com/search/label/VXZ)以及一些相关主题。
- en: 'My interview comes at the beginning of the show, but I can heartily recommend
    the entire program, which delves into subjects such as currency options and some
    interesting options order flow in the likes of [SKS](http://vixandmore.blogspot.com/search/label/SKS),
    [RSH](http://vixandmore.blogspot.com/search/label/RSH), [HRB](http://vixandmore.blogspot.com/search/label/HRB),
    [MOT](http://vixandmore.blogspot.com/search/label/MOT), etc. and involves a top-notch
    panel of options experts:'
  id: totrans-7
  prefs: []
  type: TYPE_NORMAL
  zh: 我的采访节目一开始就有，但我强烈推荐整个节目，节目深入探讨了诸如货币期权以及像[SKS](http://vixandmore.blogspot.com/search/label/SKS)、[RSH](http://vixandmore.blogspot.com/search/label/RSH)、[HRB](http://vixandmore.blogspot.com/search/label/HRB)、[MOT](http://vixandmore.blogspot.com/search/label/MOT)等的一些有趣的期权订单流动，并涉及一组顶级的期权专家：
- en: 'Related posts:'
  id: totrans-8
  prefs: []
  type: TYPE_NORMAL
  zh: 相关文章：
- en: '***Disclosure(s):*** *none*'
  id: totrans-9
  prefs: []
  type: TYPE_NORMAL
  zh: '***披露(s):*** *无*'
